# THIS IS AN AUTOGENERATED FILE. DO NOT EDIT THIS FILE DIRECTLY.
# yarn lockfile v1


"@babel/runtime@^7.18.9", "@babel/runtime@^7.20.1":
  version "7.20.1"
  resolved "https://registry.yarnpkg.com/@babel/runtime/-/runtime-7.20.1.tgz#1148bb33ab252b165a06698fde7576092a78b4a9"
  integrity sha512-mrzLkl6U9YLF8qpqI7TB82PESyEGjm/0Ly91jG575eVxMMlb8fYfOXFZIJ8XfLrJZQbm7dlKry2bJmXBUEkdFg==
  dependencies:
    regenerator-runtime "^0.13.10"

"@noble/hashes@1.1.3":
  version "1.1.3"
  resolved "https://registry.yarnpkg.com/@noble/hashes/-/hashes-1.1.3.tgz#360afc77610e0a61f3417e497dcf36862e4f8111"
  integrity sha512-CE0FCR57H2acVI5UOzIGSSIYxZ6v/HOhDR0Ro9VLyhnzLwx0o8W1mmgaqlEUx4049qJDlIBRztv5k+MM8vbO3A==

"@noble/secp256k1@1.7.0":
  version "1.7.0"
  resolved "https://registry.yarnpkg.com/@noble/secp256k1/-/secp256k1-1.7.0.tgz#d15357f7c227e751d90aa06b05a0e5cf993ba8c1"
  integrity sha512-kbacwGSsH/CTout0ZnZWxnW1B+jH/7r/WAAKLBtrRJ/+CUH7lgmQzl3GTrQua3SGKWNSDsS6lmjnDpIJ5Dxyaw==

"@polkadot/networks@10.1.12":
  version "10.1.12"
  resolved "https://registry.yarnpkg.com/@polkadot/networks/-/networks-10.1.12.tgz#19384b39de8369667312977120916b0bbf379688"
  integrity sha512-asobCUdRSsnSIZKoqFsaPPtUPvbaNPh3r1XOvNqgrE65wsoNx15AiuqAigW2RKOoqVrUW7zthRJ5Xmk0MKS9GA==
  dependencies:
    "@babel/runtime" "^7.20.1"
    "@polkadot/util" "10.1.12"
    "@substrate/ss58-registry" "^1.34.0"

"@polkadot/util-crypto@^10.1.12":
  version "10.1.12"
  resolved "https://registry.yarnpkg.com/@polkadot/util-crypto/-/util-crypto-10.1.12.tgz#cdf5a7fbd85d2fa5137fd3fd3865f8cedb0edd53"
  integrity sha512-X/IxeMMYMVWhByU2be5bzPFy8acPTa2oLcvzSKLjhxqtCEIqprs/fshhfT3qVTa/lAN+WeNE8oTPCPLKVpQE4w==
  dependencies:
    "@babel/runtime" "^7.20.1"
    "@noble/hashes" "1.1.3"
    "@noble/secp256k1" "1.7.0"
    "@polkadot/networks" "10.1.12"
    "@polkadot/util" "10.1.12"
    "@polkadot/wasm-crypto" "^6.3.1"
    "@polkadot/x-bigint" "10.1.12"
    "@polkadot/x-randomvalues" "10.1.12"
    "@scure/base" "1.1.1"
    ed2curve "^0.3.0"
    tweetnacl "^1.0.3"

"@polkadot/util@10.1.12":
  version "10.1.12"
  resolved "https://registry.yarnpkg.com/@polkadot/util/-/util-10.1.12.tgz#9652de84c87b0b5b9b50767cd4d93f5f2d70a074"
  integrity sha512-bOz1WqDFzIgkTpT6oRhAdXKqETr2GffZdRlYqyOvP1ATAEa48/sRgzIvg7WTiI68D8By3fJmKuA+ggX3YrNF/w==
  dependencies:
    "@babel/runtime" "^7.20.1"
    "@polkadot/x-bigint" "10.1.12"
    "@polkadot/x-global" "10.1.12"
    "@polkadot/x-textdecoder" "10.1.12"
    "@polkadot/x-textencoder" "10.1.12"
    "@types/bn.js" "^5.1.1"
    bn.js "^5.2.1"

"@polkadot/wasm-bridge@6.3.1":
  version "6.3.1"
  resolved "https://registry.yarnpkg.com/@polkadot/wasm-bridge/-/wasm-bridge-6.3.1.tgz#439fa78e80947a7cb695443e1f64b25c30bb1487"
  integrity sha512-1TYkHsb9AEFhU9uZj3biEnN2yKQNzdrwSjiTvfCYnt97pnEkKsZI6cku+YPZQv5w/x9CQa5Yua9e2DVVZSivGA==
  dependencies:
    "@babel/runtime" "^7.18.9"

"@polkadot/wasm-crypto-asmjs@6.3.1":
  version "6.3.1"
  resolved "https://registry.yarnpkg.com/@polkadot/wasm-crypto-asmjs/-/wasm-crypto-asmjs-6.3.1.tgz#e8f469c9cf4a7709c8131a96f857291953f3e30a"
  integrity sha512-zbombRfA5v/mUWQQhgg2YwaxhRmxRIrvskw65x+lruax3b6xPBFDs7yplopiJU3r8h2pTgQvX/DUksvqz2TCRQ==
  dependencies:
    "@babel/runtime" "^7.18.9"

"@polkadot/wasm-crypto-init@6.3.1":
  version "6.3.1"
  resolved "https://registry.yarnpkg.com/@polkadot/wasm-crypto-init/-/wasm-crypto-init-6.3.1.tgz#b590220c53c94b9a54d5dc236d0cbe943db76706"
  integrity sha512-9yaUBcu+snwjJLmPPGl3cyGRQ1afyFGm16qzTM0sgG/ZCfUlK4uk8KWZe+sBUKgoxb2oXY7Y4WklKgQI1YBdfw==
  dependencies:
    "@babel/runtime" "^7.18.9"
    "@polkadot/wasm-bridge" "6.3.1"
    "@polkadot/wasm-crypto-asmjs" "6.3.1"
    "@polkadot/wasm-crypto-wasm" "6.3.1"

"@polkadot/wasm-crypto-wasm@6.3.1":
  version "6.3.1"
  resolved "https://registry.yarnpkg.com/@polkadot/wasm-crypto-wasm/-/wasm-crypto-wasm-6.3.1.tgz#67f720e7f9694fef096abe9d60abbac02e032383"
  integrity sha512-idSlzKGVzCfeCMRHsacRvqwojSaTadFxL/Dbls4z1thvfa3U9Ku0d2qVtlwg7Hj+tYWDiuP8Kygs+6bQwfs0XA==
  dependencies:
    "@babel/runtime" "^7.18.9"
    "@polkadot/wasm-util" "6.3.1"

"@polkadot/wasm-crypto@^6.3.1":
  version "6.3.1"
  resolved "https://registry.yarnpkg.com/@polkadot/wasm-crypto/-/wasm-crypto-6.3.1.tgz#63f5798aca2b2ff0696f190e6862d9781d8f280c"
  integrity sha512-OO8h0qeVkqp4xYZaRVl4iuWOEtq282pNBHDKb6SOJuI2g59eWGcKh4EQU9Me2VP6qzojIqptrkrVt7KQXC68gA==
  dependencies:
    "@babel/runtime" "^7.18.9"
    "@polkadot/wasm-bridge" "6.3.1"
    "@polkadot/wasm-crypto-asmjs" "6.3.1"
    "@polkadot/wasm-crypto-init" "6.3.1"
    "@polkadot/wasm-crypto-wasm" "6.3.1"
    "@polkadot/wasm-util" "6.3.1"

"@polkadot/wasm-util@6.3.1":
  version "6.3.1"
  resolved "https://registry.yarnpkg.com/@polkadot/wasm-util/-/wasm-util-6.3.1.tgz#439ebb68a436317af388ed6438b8f879df3afcda"
  integrity sha512-12oAv5J7Yoc9m6jixrSaQCxpOkWOyzHx3DMC8qmLjRiwdBWxqLmImOVRVnFsbaxqSbhBIHRuJphVxWE+GZETDg==
  dependencies:
    "@babel/runtime" "^7.18.9"

"@polkadot/x-bigint@10.1.12":
  version "10.1.12"
  resolved "https://registry.yarnpkg.com/@polkadot/x-bigint/-/x-bigint-10.1.12.tgz#0aa4412851d2b8a2d18511549488ddf149fe4c7b"
  integrity sha512-n9cRXhdPvA9qO9/dgb32Ej/5t4mI4KnBYoPqlAcGviOnn7lc9yEPlYSMfgt+4p7F2bX8o6nbmbvBXqZL457Yhw==
  dependencies:
    "@babel/runtime" "^7.20.1"
    "@polkadot/x-global" "10.1.12"

"@polkadot/x-global@10.1.12":
  version "10.1.12"
  resolved "https://registry.yarnpkg.com/@polkadot/x-global/-/x-global-10.1.12.tgz#4af9eeca9f3d371fbe4f348681a46bb1dc82ed35"
  integrity sha512-APFCIVoyaB9rhgcg2j5ayW0WVTSDO4yUriyrOPgX4A4ZJ6DFV+w30h9uWtfKzNzAV6dDs6pDNlB0K4Mpi5CmcA==
  dependencies:
    "@babel/runtime" "^7.20.1"

"@polkadot/x-randomvalues@10.1.12":
  version "10.1.12"
  resolved "https://registry.yarnpkg.com/@polkadot/x-randomvalues/-/x-randomvalues-10.1.12.tgz#484b1d400aa64a6f51d060b8d84ef8cbc184db05"
  integrity sha512-oldth/zJAwysb+1uSxB7GIgCnuJmK33ZbxRl8vOwHrIKgKJGxJufRxLtZg1Pq530DW6V3z5TwOWacx58ggfN3Q==
  dependencies:
    "@babel/runtime" "^7.20.1"
    "@polkadot/x-global" "10.1.12"

"@polkadot/x-textdecoder@10.1.12":
  version "10.1.12"
  resolved "https://registry.yarnpkg.com/@polkadot/x-textdecoder/-/x-textdecoder-10.1.12.tgz#1873750006c7f075cb928f3bb1f8a173c2d7ef54"
  integrity sha512-YKEr3QiTu8zxosVx9WWFhMmFw4hBmAKWkgd7dhpMU+wIaUlSBriV/7vL+HnvJMIKf1jz3iAZ7i0oDGfvj1cZ6w==
  dependencies:
    "@babel/runtime" "^7.20.1"
    "@polkadot/x-global" "10.1.12"

"@polkadot/x-textencoder@10.1.12":
  version "10.1.12"
  resolved "https://registry.yarnpkg.com/@polkadot/x-textencoder/-/x-textencoder-10.1.12.tgz#5db7bcb9682717c8b8c4c70fed8c5d01cbe61d8d"
  integrity sha512-WgHAUhiepWBAcOMOAJnBl2mZNu5KPmTndg4f1Z1CwNdg/AhAhJL/yh98f5KH1aajNkC+5xutlOzdmEySg+e21g==
  dependencies:
    "@babel/runtime" "^7.20.1"
    "@polkadot/x-global" "10.1.12"

"@scure/base@1.1.1":
  version "1.1.1"
  resolved "https://registry.yarnpkg.com/@scure/base/-/base-1.1.1.tgz#ebb651ee52ff84f420097055f4bf46cfba403938"
  integrity sha512-ZxOhsSyxYwLJj3pLZCefNitxsj093tb2vq90mp2txoYeBqbcjDjqFhyM8eUjq/uFm6zJ+mUuqxlS2FkuSY1MTA==

"@substrate/ss58-registry@^1.34.0":
  version "1.34.0"
  resolved "https://registry.yarnpkg.com/@substrate/ss58-registry/-/ss58-registry-1.34.0.tgz#b6faed02343da7a8956444f5db23bc7246dd5fb5"
  integrity sha512-8Df5usnWvjnw/WRAmKOqHXRPPRfiCd1kIN8ttH4YmBrRTERjVInsdu0xvLdbyUYKyvgK6zKhHWQfYohXqllHhg==

"@types/bn.js@^5.1.1":
  version "5.1.1"
  resolved "https://registry.yarnpkg.com/@types/bn.js/-/bn.js-5.1.1.tgz#b51e1b55920a4ca26e9285ff79936bbdec910682"
  integrity sha512-qNrYbZqMx0uJAfKnKclPh+dTwK33KfLHYqtyODwd5HnXOjnkhc4qgn3BrK6RWyGZm5+sIFE7Q7Vz6QQtJB7w7g==
  dependencies:
    "@types/node" "*"

"@types/node@*":
  version "18.11.9"
  resolved "https://registry.yarnpkg.com/@types/node/-/node-18.11.9.tgz#02d013de7058cea16d36168ef2fc653464cfbad4"
  integrity sha512-CRpX21/kGdzjOpFsZSkcrXMGIBWMGNIHXXBVFSH+ggkftxg+XYP20TESbh+zFvFj3EQOl5byk0HTRn1IL6hbqg==

bn.js@^5.2.1:
  version "5.2.1"
  resolved "https://registry.yarnpkg.com/bn.js/-/bn.js-5.2.1.tgz#0bc527a6a0d18d0aa8d5b0538ce4a77dccfa7b70"
  integrity sha512-eXRvHzWyYPBuB4NBy0cmYQjGitUrtqwbvlzP3G6VFnNRbsZQIxQ10PbKKHt8gZ/HW/D/747aDl+QkDqg3KQLMQ==

ed2curve@^0.3.0:
  version "0.3.0"
  resolved "https://registry.yarnpkg.com/ed2curve/-/ed2curve-0.3.0.tgz#322b575152a45305429d546b071823a93129a05d"
  integrity sha512-8w2fmmq3hv9rCrcI7g9hms2pMunQr1JINfcjwR9tAyZqhtyaMN991lF/ZfHfr5tzZQ8c7y7aBgZbjfbd0fjFwQ==
  dependencies:
    tweetnacl "1.x.x"

regenerator-runtime@^0.13.10:
  version "0.13.10"
  resolved "https://registry.yarnpkg.com/regenerator-runtime/-/regenerator-runtime-0.13.10.tgz#ed07b19616bcbec5da6274ebc75ae95634bfc2ee"
  integrity sha512-KepLsg4dU12hryUO7bp/axHAKvwGOCV0sGloQtpagJ12ai+ojVDqkeGSiRX1zlq+kjIMZ1t7gpze+26QqtdGqw==

tweetnacl@1.x.x, tweetnacl@^1.0.3:
  version "1.0.3"
  resolved "https://registry.yarnpkg.com/tweetnacl/-/tweetnacl-1.0.3.tgz#ac0af71680458d8a6378d0d0d050ab1407d35596"
  integrity sha512-6rt+RN7aOi1nGMyC4Xa5DdYiukl2UWCbcJft7YhxReBGQD7OAM8Pbxw6YMo4r2diNEA8FEmu32YOn9rhaiE5yw==
